
Microsoft Visual Studio Solution File, Format Version 12.00
# Visual Studio Version 17
VisualStudioVersion = 17.5.33516.290
MinimumVisualStudioVersion = 10.0.40219.1
Project("{9A19103F-16F7-4668-BE54-9A1E7A4F7556}") = "HalfMaid.Async", "HalfMaid.Async\HalfMaid.Async.csproj", "{05B56128-CE05-4F0C-8AD4-5FF5EA5B7B80}"
EndProject
Project("{9A19103F-16F7-4668-BE54-9A1E7A4F7556}") = "HalfMaid.Async.Example", "HalfMaid.Async.Example\HalfMaid.Async.Example.csproj", "{28E7171A-5E43-4536-A9A5-F0E18C1F926A}"
EndProject
Global
	GlobalSection(SolutionConfigurationPlatforms) = preSolution
		Debug|Any CPU = Debug|Any CPU
		Release|Any CPU = Release|Any CPU
	EndGlobalSection
	GlobalSection(ProjectConfigurationPlatforms) = postSolution
		{05B56128-CE05-4F0C-8AD4-5FF5EA5B7B80}.Debug|Any CPU.ActiveCfg = Debug|Any CPU
		{05B56128-CE05-4F0C-8AD4-5FF5EA5B7B80}.Debug|Any CPU.Build.0 = Debug|Any CPU
		{05B56128-CE05-4F0C-8AD4-5FF5EA5B7B80}.Release|Any CPU.ActiveCfg = Release|Any CPU
		{05B56128-CE05-4F0C-8AD4-5FF5EA5B7B80}.Release|Any CPU.Build.0 = Release|Any CPU
		{28E7171A-5E43-4536-A9A5-F0E18C1F926A}.Debug|Any CPU.ActiveCfg = Debug|Any CPU
		{28E7171A-5E43-4536-A9A5-F0E18C1F926A}.Debug|Any CPU.Build.0 = Debug|Any CPU
		{28E7171A-5E43-4536-A9A5-F0E18C1F926A}.Release|Any CPU.ActiveCfg = Release|Any CPU
		{28E7171A-5E43-4536-A9A5-F0E18C1F926A}.Release|Any CPU.Build.0 = Release|Any CPU
	EndGlobalSection
	GlobalSection(SolutionProperties) = preSolution
		HideSolutionNode = FALSE
	EndGlobalSection
	GlobalSection(ExtensibilityGlobals) = postSolution
		SolutionGuid = {FDEDAAB8-2199-402D-86F1-7FE085016B2F}
	EndGlobalSection
EndGlobal
